# This file is autogenerated, do not edit; changes may be undone by the next 'dep ensure'.


[[projects]]
  digest = "1:55429d40e4a5eca74f71b520974be5e98efdf30a503ef1957a2d8a86d7b61fb0"
  name = "bitbucket.org/kudoindonesia/frontier_biller_sdk"
  packages = [
    "cache",
    "checkstatus",
    "constant",
    "deduplication",
    "entity",
    "entity/inquiry",
    "entity/transaction",
    "env",
    "inquiry",
    "log",
    "log/wrapper/koollog",
    "payment",
    "pkg/context",
    "pkg/database",
    "pkg/datetime",
    "pkg/encryption",
    "pkg/kafkaclient",
    "pkg/redis",
    "tracer",
  ]
  pruneopts = "UT"
  revision = "112f246ce2ce7a4491728eff407521416ea1afe5"
  version = "1.4.0-beta.9"

[[projects]]
  digest = "1:7b96e46aa8308f6c888e32374eb446a1573b9614a4b9ee6b6dc450527fff056a"
  name = "bitbucket.org/kudoindonesia/koolkit"
  packages = [
    "internal/env",
    "internal/healthiness",
    "internal/log",
    "internal/redis",
    "koollog",
    "koolredis",
  ]
  pruneopts = "UT"
  revision = "d1168c75544bd229d08310f57d066b73ce807b3d"
  version = "v1.5.0"

[[projects]]
  digest = "1:bd285ec20a7450d2272631284de698f2d76e923a458fee90e99cc1db4b97708d"
  name = "github.com/DataDog/datadog-go"
  packages = ["statsd"]
  pruneopts = "UT"
  revision = "e67964b4021ad3a334e748e8811eb3cd6becbc6e"
  version = "2.1.0"

[[projects]]
  branch = "master"
  digest = "1:4c4c33075b704791d6a7f09dfb55c66769e8a1dc6adf87026292d274fe8ad113"
  name = "github.com/codahale/hdrhistogram"
  packages = ["."]
  pruneopts = "UT"
  revision = "3a0bb77429bd3a61596f5e8a3172445844342120"

[[projects]]
  digest = "1:a878821c51a2390c0c958d179e7e19ec42cf55a9cce6d4bdbc61d7421b209014"
  name = "github.com/confluentinc/confluent-kafka-go"
  packages = ["kafka"]
  pruneopts = "UT"
  revision = "5e4d04e05fc319ce5996a867aafef29059f26862"
  version = "v0.11.4"

[[projects]]
  digest = "1:ffe9824d294da03b391f44e1ae8281281b4afc1bdaa9588c9097785e3af10cec"
  name = "github.com/davecgh/go-spew"
  packages = ["spew"]
  pruneopts = "UT"
  revision = "8991bc29aa16c548c550c7ff78260e27b9ab7c73"
  version = "v1.1.1"

[[projects]]
  digest = "1:33082c63746b464db3d1c2c07a1396d860484d97fe857ef9e8668a9b406db09f"
  name = "github.com/go-redis/redis"
  packages = [
    ".",
    "internal",
    "internal/consistenthash",
    "internal/hashtag",
    "internal/pool",
    "internal/proto",
    "internal/util",
  ]
  pruneopts = "UT"
  revision = "d22fde8721cc915a55aeb6b00944a76a92bfeb6e"
  version = "v6.15.2"

[[projects]]
  digest = "1:ec6f9bf5e274c833c911923c9193867f3f18788c461f76f05f62bb1510e0ae65"
  name = "github.com/go-sql-driver/mysql"
  packages = ["."]
  pruneopts = "UT"
  revision = "72cd26f257d44c1114970e19afddcd812016007e"
  version = "v1.4.1"

[[projects]]
  digest = "1:b60efdeb75d3c0ceed88783ac2495256aba3491a537d0f31401202579fd62a94"
  name = "github.com/golang/mock"
  packages = ["gomock"]
  pruneopts = "UT"
  revision = "51421b967af1f557f93a59e0057aaf15ca02e29c"
  version = "v1.2.0"

[[projects]]
  digest = "1:450b7623b185031f3a456801155c8320209f75d0d4c4e633c6b1e59d44d6e392"
  name = "github.com/opentracing/opentracing-go"
  packages = [
    ".",
    "ext",
    "log",
  ]
  pruneopts = "UT"
  revision = "1949ddbfd147afd4d964a9f00b24eb291e0e7c38"
  version = "v1.0.2"

[[projects]]
  digest = "1:5e73b34a27d827212102605789de00bd411b2e434812133c83935fe9897c75e1"
  name = "github.com/philhofer/fwd"
  packages = ["."]
  pruneopts = "UT"
  revision = "bb6d471dc95d4fe11e432687f8b70ff496cf3136"
  version = "v1.0.0"

[[projects]]
  digest = "1:cf31692c14422fa27c83a05292eb5cbe0fb2775972e8f1f8446a71549bd8980b"
  name = "github.com/pkg/errors"
  packages = ["."]
  pruneopts = "UT"
  revision = "ba968bfe8b2f7e042a574c888954fccecfa385b4"
  version = "v0.8.1"

[[projects]]
  digest = "1:0028cb19b2e4c3112225cd871870f2d9cf49b9b4276531f03438a88e94be86fe"
  name = "github.com/pmezard/go-difflib"
  packages = ["difflib"]
  pruneopts = "UT"
  revision = "792786c7400a136282c1664665ae0a8db921c6c2"
  version = "v1.0.0"

[[projects]]
  digest = "1:972c2427413d41a1e06ca4897e8528e5a1622894050e2f527b38ddf0f343f759"
  name = "github.com/stretchr/testify"
  packages = ["assert"]
  pruneopts = "UT"
  revision = "ffdc059bfe9ce6a4e144ba849dbedead332c6053"
  version = "v1.3.0"

[[projects]]
  digest = "1:c97e8a5e5c435c3287f581cdb4441ba34577ec6ead8422bfedafa6269af7abf6"
  name = "github.com/tinylib/msgp"
  packages = ["msgp"]
  pruneopts = "UT"
  revision = "af6442a0fcf6e2a1b824f70dd0c734f01e817751"
  version = "v1.1.0"

[[projects]]
  digest = "1:ac6f26e917fd2fb3194a7ebe2baf6fb32de2f2fbfed130c18aac0e758a6e1d22"
  name = "github.com/uber/jaeger-client-go"
  packages = [
    ".",
    "config",
    "internal/baggage",
    "internal/baggage/remote",
    "internal/spanlog",
    "internal/throttler",
    "internal/throttler/remote",
    "log",
    "rpcmetrics",
    "thrift",
    "thrift-gen/agent",
    "thrift-gen/baggage",
    "thrift-gen/jaeger",
    "thrift-gen/sampling",
    "thrift-gen/zipkincore",
    "transport",
    "utils",
  ]
  pruneopts = "UT"
  revision = "1a782e2da844727691fef1757c72eb190c2909f0"
  version = "v2.15.0"

[[projects]]
  digest = "1:0f09db8429e19d57c8346ad76fbbc679341fa86073d3b8fb5ac919f0357d8f4c"
  name = "github.com/uber/jaeger-lib"
  packages = ["metrics"]
  pruneopts = "UT"
  revision = "ed3a127ec5fef7ae9ea95b01b542c47fbd999ce5"
  version = "v1.5.0"

[[projects]]
  digest = "1:777e729b475d3895c7229552aa10076f0d177daf37c0a72258006d046d329960"
  name = "go.uber.org/atomic"
  packages = ["."]
  pruneopts = "UT"
  revision = "4e336646b2ef9fc6e47be8e21594178f98e5ebcf"
  version = "v1.2.0"

[[projects]]
  digest = "1:60bf2a5e347af463c42ed31a493d817f8a72f102543060ed992754e689805d1a"
  name = "go.uber.org/multierr"
  packages = ["."]
  pruneopts = "UT"
  revision = "3c4937480c32f4c13a875a1829af76c98ca3d40a"
  version = "v1.1.0"

[[projects]]
  digest = "1:c52caf7bd44f92e54627a31b85baf06a68333a196b3d8d241480a774733dcf8b"
  name = "go.uber.org/zap"
  packages = [
    ".",
    "buffer",
    "internal/bufferpool",
    "internal/color",
    "internal/exit",
    "zapcore",
  ]
  pruneopts = "UT"
  revision = "ff33455a0e382e8a81d14dd7c922020b6b5e7982"
  version = "v1.9.1"

[[projects]]
  branch = "master"
  digest = "1:76ee51c3f468493aff39dbacc401e8831fbb765104cbf613b89bef01cf4bad70"
  name = "golang.org/x/net"
  packages = ["context"]
  pruneopts = "UT"
  revision = "4829fb13d2c62012c17688fa7f629f371014946d"

[[projects]]
  branch = "master"
  digest = "1:fb896b1eee1aed3338192928a64d8cb82477ab39ccd132a6078b34865d42ea28"
  name = "golang.org/x/sys"
  packages = ["windows"]
  pruneopts = "UT"
  revision = "804c0c7841b595338f049388006a3945cb3cfad1"

[[projects]]
  digest = "1:c25289f43ac4a68d88b02245742347c94f1e108c534dda442188015ff80669b3"
  name = "google.golang.org/appengine"
  packages = ["cloudsql"]
  pruneopts = "UT"
  revision = "54a98f90d1c46b7731eb8fb305d2a321c30ef610"
  version = "v1.5.0"

[[projects]]
  digest = "1:000064987e61d2e6a5d664a9261f9e9f9d113af8c8c4ff21893883899f003a73"
  name = "gopkg.in/DataDog/dd-trace-go.v1"
  packages = [
    "ddtrace",
    "ddtrace/ext",
    "ddtrace/internal",
    "ddtrace/opentracer",
    "ddtrace/tracer",
    "internal/globalconfig",
  ]
  pruneopts = "UT"
  revision = "2555c24d73e2dc1e111296d0bedcafb2b074dc7c"
  version = "v1.12.1"

[[projects]]
  digest = "1:320e7ead93de9fd2b0e59b50fd92a4d50c1f8ab455d96bc2eb083267453a9709"
  name = "gopkg.in/asaskevich/govalidator.v9"
  packages = ["."]
  pruneopts = "UT"
  revision = "ccb8e960c48f04d6935e72476ae4a51028f9e22f"
  version = "v9"

[[projects]]
  digest = "1:e77a03f1e4f1e4e035e46dc3cd79b1e33acbf651540aaa5e148caf1296884d18"
  name = "gopkg.in/jarcoal/httpmock.v1"
  packages = ["."]
  pruneopts = "UT"
  revision = "e598472b238f5d2a505e1316886da2171f86bfa4"
  version = "v1.0.3"

[[projects]]
  digest = "1:4d2e5a73dc1500038e504a8d78b986630e3626dc027bc030ba5c75da257cdb96"
  name = "gopkg.in/yaml.v2"
  packages = ["."]
  pruneopts = "UT"
  revision = "51d6538a90f86fe93ac480b35f37b2be17fef232"
  version = "v2.2.2"

[solve-meta]
  analyzer-name = "dep"
  analyzer-version = 1
  input-imports = [
    "bitbucket.org/kudoindonesia/frontier_biller_sdk/checkstatus",
    "bitbucket.org/kudoindonesia/frontier_biller_sdk/deduplication",
    "bitbucket.org/kudoindonesia/frontier_biller_sdk/entity/inquiry",
    "bitbucket.org/kudoindonesia/frontier_biller_sdk/entity/transaction",
    "bitbucket.org/kudoindonesia/frontier_biller_sdk/env",
    "bitbucket.org/kudoindonesia/frontier_biller_sdk/inquiry",
    "bitbucket.org/kudoindonesia/frontier_biller_sdk/log",
    "bitbucket.org/kudoindonesia/frontier_biller_sdk/payment",
    "bitbucket.org/kudoindonesia/frontier_biller_sdk/pkg/database",
    "bitbucket.org/kudoindonesia/frontier_biller_sdk/tracer",
    "bitbucket.org/kudoindonesia/koolkit/koollog",
    "bitbucket.org/kudoindonesia/koolkit/koolredis",
    "github.com/go-redis/redis",
    "github.com/golang/mock/gomock",
    "github.com/stretchr/testify/assert",
    "go.uber.org/zap",
    "gopkg.in/asaskevich/govalidator.v9",
    "gopkg.in/jarcoal/httpmock.v1",
    "gopkg.in/yaml.v2",
  ]
  solver-name = "gps-cdcl"
  solver-version = 1
